{
  "name": "mini-audio",
  "version": "1.0.0",
  "lockfileVersion": 2,
  "requires": true,
  "packages": {
    "": {
      "name": "mini-audio",
      "version": "1.0.0",
      "license": "MIT",
      "dependencies": {
        "dayjs": "^1.11.11",
        "pitchfinder": "^2.3.2"
      }
    },
    "node_modules/dayjs": {
      "version": "1.11.11",
      "resolved": "https://registry.npmmirror.com/dayjs/-/dayjs-1.11.11.tgz",
      "integrity": "sha512-okzr3f11N6WuqYtZSvm+F776mB41wRZMhKP+hc34YdW+KmtYYK9iqvHSwo2k9FEH3fhGXvOPV6yz2IcSrfRUDg=="
    },
    "node_modules/pitchfinder": {
      "version": "2.3.2",
      "resolved": "https://registry.npmmirror.com/pitchfinder/-/pitchfinder-2.3.2.tgz",
      "integrity": "sha512-Mn3jcp/y1xmAUKI1lMIU8bIqE9AcSuKMFuvJI9C/36oNwVklUF167o0TH/H5fwxuSIaz+XfBD6vd2G5lnddpzw=="
    }
  },
  "dependencies": {
    "dayjs": {
      "version": "1.11.11",
      "resolved": "https://registry.npmmirror.com/dayjs/-/dayjs-1.11.11.tgz",
      "integrity": "sha512-okzr3f11N6WuqYtZSvm+F776mB41wRZMhKP+hc34YdW+KmtYYK9iqvHSwo2k9FEH3fhGXvOPV6yz2IcSrfRUDg=="
    },
    "pitchfinder": {
      "version": "2.3.2",
      "resolved": "https://registry.npmmirror.com/pitchfinder/-/pitchfinder-2.3.2.tgz",
      "integrity": "sha512-Mn3jcp/y1xmAUKI1lMIU8bIqE9AcSuKMFuvJI9C/36oNwVklUF167o0TH/H5fwxuSIaz+XfBD6vd2G5lnddpzw=="
    }
  }
}
